
Microsoft Visual Studio Solution File, Format Version 12.00
# Visual Studio Version 17
VisualStudioVersion = 17.10.35013.160
MinimumVisualStudioVersion = 10.0.40219.1
Project("{FAE04EC0-301F-11D3-BF4B-00C04F79EFBC}") = "DLL_SECU", "DLL_SECU\DLL_SECU.csproj", "{E342BA4E-094E-4F7D-AB05-A891E8DEBD4C}"
EndProject
Global
	GlobalSection(SolutionConfigurationPlatforms) = preSolution
		Debug|Any CPU = Debug|Any CPU
		Release|Any CPU = Release|Any CPU
	EndGlobalSection
	GlobalSection(ProjectConfigurationPlatforms) = postSolution
		{E342BA4E-094E-4F7D-AB05-A891E8DEBD4C}.Debug|Any CPU.ActiveCfg = Debug|Any CPU
		{E342BA4E-094E-4F7D-AB05-A891E8DEBD4C}.Debug|Any CPU.Build.0 = Debug|Any CPU
		{E342BA4E-094E-4F7D-AB05-A891E8DEBD4C}.Release|Any CPU.ActiveCfg = Release|Any CPU
		{E342BA4E-094E-4F7D-AB05-A891E8DEBD4C}.Release|Any CPU.Build.0 = Release|Any CPU
	EndGlobalSection
	GlobalSection(SolutionProperties) = preSolution
		HideSolutionNode = FALSE
	EndGlobalSection
	GlobalSection(ExtensibilityGlobals) = postSolution
		SolutionGuid = {2BD7439A-7835-4982-A612-5E55C3C9B58D}
	EndGlobalSection
EndGlobal
